
Microsoft Visual Studio Solution File, Format Version 12.00
# Visual Studio Version 17
VisualStudioVersion = 17.14.36408.4 d17.14
MinimumVisualStudioVersion = 10.0.40219.1
Project("{FAE04EC0-301F-11D3-BF4B-00C04F79EFBC}") = "csharp-learning-journey", "csharp-learning-journey\csharp-learning-journey.csproj", "{5EC40696-9094-4332-B8F5-72BCF8101C49}"
EndProject
Project("{FAE04EC0-301F-11D3-BF4B-00C04F79EFBC}") = "01-csharp-basics", "01-csharp-basics\01-csharp-basics.csproj", "{78B2CB0C-A2C8-4230-A99A-3D41F50814B0}"
EndProject
Global
	GlobalSection(SolutionConfigurationPlatforms) = preSolution
		Debug|Any CPU = Debug|Any CPU
		Release|Any CPU = Release|Any CPU
	EndGlobalSection
	GlobalSection(ProjectConfigurationPlatforms) = postSolution
		{5EC40696-9094-4332-B8F5-72BCF8101C49}.Debug|Any CPU.ActiveCfg = Debug|Any CPU
		{5EC40696-9094-4332-B8F5-72BCF8101C49}.Debug|Any CPU.Build.0 = Debug|Any CPU
		{5EC40696-9094-4332-B8F5-72BCF8101C49}.Release|Any CPU.ActiveCfg = Release|Any CPU
		{5EC40696-9094-4332-B8F5-72BCF8101C49}.Release|Any CPU.Build.0 = Release|Any CPU
		{78B2CB0C-A2C8-4230-A99A-3D41F50814B0}.Debug|Any CPU.ActiveCfg = Debug|Any CPU
		{78B2CB0C-A2C8-4230-A99A-3D41F50814B0}.Debug|Any CPU.Build.0 = Debug|Any CPU
		{78B2CB0C-A2C8-4230-A99A-3D41F50814B0}.Release|Any CPU.ActiveCfg = Release|Any CPU
		{78B2CB0C-A2C8-4230-A99A-3D41F50814B0}.Release|Any CPU.Build.0 = Release|Any CPU
	EndGlobalSection
	GlobalSection(SolutionProperties) = preSolution
		HideSolutionNode = FALSE
	EndGlobalSection
	GlobalSection(ExtensibilityGlobals) = postSolution
		SolutionGuid = {E76A46EB-F023-4B29-AEB4-B910F2030E05}
	EndGlobalSection
EndGlobal
